<?xml version="1.0" encoding="utf-8"?>
<Project ToolsVersion="4.0" xmlns="http://schemas.microsoft.com/developer/msbuild/2003">
  <ItemGroup>
    <Filter Include="Source Files">
      <UniqueIdentifier>{4FC737F1-C7A5-4376-A066-2A32D752A2FF}</UniqueIdentifier>
      <Extensions>cpp;c;cc;cxx;def;odl;idl;hpj;bat;asm;asmx</Extensions>
    </Filter>
    <Filter Include="Header Files">
      <UniqueIdentifier>{93995380-89BD-4b04-88EB-625FBE52EBFB}</UniqueIdentifier>
      <Extensions>h;hh;hpp;hxx;hm;inl;inc;xsd</Extensions>
    </Filter>
    <Filter Include="Resource Files">
      <UniqueIdentifier>{67DA6AB6-F800-4c08-8B7A-83BB121AAD01}</UniqueIdentifier>
      <Extensions>rc;ico;cur;bmp;dlg;rc2;rct;bin;rgs;gif;jpg;jpeg;jpe;resx;tiff;tif;png;wav;mfcribbon-ms</Extensions>
    </Filter>
    <Filter Include="ServerIFace">
      <UniqueIdentifier>{ce578a7d-7d0d-4ea6-95dc-66065f825216}</UniqueIdentifier>
    </Filter>
    <Filter Include="Importer">
      <UniqueIdentifier>{e7ff58c1-f859-45a4-b5f0-105fedff968a}</UniqueIdentifier>
    </Filter>
    <Filter Include="CollectorsBackEnd">
      <UniqueIdentifier>{67651209-ffdb-4fb7-84f1-c576c189d19f}</UniqueIdentifier>
    </Filter>
  </ItemGroup>
  <ItemGroup>
    <Text Include="ReadMe.txt" />
  </ItemGroup>
  <ItemGroup>
    <ClCompile Include="MagicCollection.cpp">
      <Filter>Source Files</Filter>
    </ClCompile>
    <ClCompile Include="Collection.cpp">
      <Filter>Source Files</Filter>
    </ClCompile>
    <ClCompile Include="CollectionObject.cpp">
      <Filter>Source Files</Filter>
    </ClCompile>
    <ClCompile Include="CollectionSource.cpp">
      <Filter>Source Files</Filter>
    </ClCompile>
    <ClCompile Include="SourceObject.cpp">
      <Filter>Source Files</Filter>
    </ClCompile>
    <ClCompile Include="CollectionFactory.cpp">
      <Filter>Source Files</Filter>
    </ClCompile>
    <ClCompile Include="JSONImporter.cpp">
      <Filter>Importer</Filter>
    </ClCompile>
    <ClCompile Include="ServerIFace\ClientSocket.cpp">
      <Filter>ServerIFace</Filter>
    </ClCompile>
    <ClCompile Include="ServerIFace\ProgramServer.cpp">
      <Filter>ServerIFace</Filter>
    </ClCompile>
    <ClCompile Include="ServerIFace\Server.cpp">
      <Filter>ServerIFace</Filter>
    </ClCompile>
    <ClCompile Include="ServerIFace\WinAPINetworkServices.cpp">
      <Filter>ServerIFace</Filter>
    </ClCompile>
    <ClCompile Include="ServerIFace\WinSocket.cpp">
      <Filter>ServerIFace</Filter>
    </ClCompile>
    <ClCompile Include="ServerIFace\WinSocketListener.cpp">
      <Filter>ServerIFace</Filter>
    </ClCompile>
    <ClCompile Include="ServerIFace.cpp">
      <Filter>ServerIFace</Filter>
    </ClCompile>
    <ClCompile Include="StoreFrontBackEnd.cpp">
      <Filter>Source Files</Filter>
    </ClCompile>
    <ClCompile Include="StringHelper.cpp">
      <Filter>Source Files</Filter>
    </ClCompile>
    <ClCompile Include="Config.cpp">
      <Filter>Source Files</Filter>
    </ClCompile>
    <ClCompile Include="jsoncpp.cpp">
      <Filter>Source Files</Filter>
    </ClCompile>
  </ItemGroup>
  <ItemGroup>
    <ClInclude Include="Collection.h">
      <Filter>Header Files</Filter>
    </ClInclude>
    <ClInclude Include="CollectionObject.h">
      <Filter>Header Files</Filter>
    </ClInclude>
    <ClInclude Include="CollectionSource.h">
      <Filter>Header Files</Filter>
    </ClInclude>
    <ClInclude Include="SourceObject.h">
      <Filter>Header Files</Filter>
    </ClInclude>
    <ClInclude Include="CollectionFactory.h">
      <Filter>Header Files</Filter>
    </ClInclude>
    <ClInclude Include="JSONImporter.h">
      <Filter>Importer</Filter>
    </ClInclude>
    <ClInclude Include="ServerIFace\ClientSocket.h">
      <Filter>ServerIFace</Filter>
    </ClInclude>
    <ClInclude Include="ServerIFace\ProgramServer.h">
      <Filter>ServerIFace</Filter>
    </ClInclude>
    <ClInclude Include="ServerIFace\Server.h">
      <Filter>ServerIFace</Filter>
    </ClInclude>
    <ClInclude Include="ServerIFace\WinAPINetworkServices.h">
      <Filter>ServerIFace</Filter>
    </ClInclude>
    <ClInclude Include="ServerIFace\WinSocket.h">
      <Filter>ServerIFace</Filter>
    </ClInclude>
    <ClInclude Include="ServerIFace\WinSocketListener.h">
      <Filter>ServerIFace</Filter>
    </ClInclude>
    <ClInclude Include="ServerIFace.h">
      <Filter>ServerIFace</Filter>
    </ClInclude>
    <ClInclude Include="StoreFrontBackEnd.h">
      <Filter>Header Files</Filter>
    </ClInclude>
    <ClInclude Include="StringHelper.h">
      <Filter>Header Files</Filter>
    </ClInclude>
    <ClInclude Include="Config.h">
      <Filter>Header Files</Filter>
    </ClInclude>
  </ItemGroup>
</Project>