<?xml version="1.0" encoding="utf-8"?>
<Project ToolsVersion="4.0" xmlns="http://schemas.microsoft.com/developer/msbuild/2003">
  <ItemGroup>
    <Filter Include="CollectorsBackEnd">
      <UniqueIdentifier>{67651209-ffdb-4fb7-84f1-c576c189d19f}</UniqueIdentifier>
    </Filter>
    <Filter Include="Collection">
      <UniqueIdentifier>{cd67b214-315e-493f-9772-97eb62d0f0c2}</UniqueIdentifier>
    </Filter>
    <Filter Include="CollectionItems">
      <UniqueIdentifier>{c08e21ed-e1d5-497f-8053-12da9ee25104}</UniqueIdentifier>
    </Filter>
    <Filter Include="Collection\DataHelpers">
      <UniqueIdentifier>{d87da800-fad3-4160-8760-945adb93e2a8}</UniqueIdentifier>
    </Filter>
    <Filter Include="CollectionItems\DataHelpers">
      <UniqueIdentifier>{385c345a-d4e8-431c-a831-e05d0d09759f}</UniqueIdentifier>
    </Filter>
    <Filter Include="Support">
      <UniqueIdentifier>{9e92dfe9-6986-4a51-8916-e5a89b63fb2b}</UniqueIdentifier>
    </Filter>
    <Filter Include="CollectorsBackEnd\ServerIFace">
      <UniqueIdentifier>{ce578a7d-7d0d-4ea6-95dc-66065f825216}</UniqueIdentifier>
    </Filter>
    <Filter Include="CollectorsBackEnd\Importer">
      <UniqueIdentifier>{e7ff58c1-f859-45a4-b5f0-105fedff968a}</UniqueIdentifier>
    </Filter>
    <Filter Include="Collection\Actions">
      <UniqueIdentifier>{f11d3764-3842-471e-bc1c-7b7cac0a26ba}</UniqueIdentifier>
    </Filter>
  </ItemGroup>
  <ItemGroup>
    <Text Include="ReadMe.txt" />
  </ItemGroup>
  <ItemGroup>
    <ClCompile Include="JSONImporter.cpp">
      <Filter>CollectorsBackEnd\Importer</Filter>
    </ClCompile>
    <ClCompile Include="ServerIFace\ClientSocket.cpp">
      <Filter>CollectorsBackEnd\ServerIFace</Filter>
    </ClCompile>
    <ClCompile Include="ServerIFace\ProgramServer.cpp">
      <Filter>CollectorsBackEnd\ServerIFace</Filter>
    </ClCompile>
    <ClCompile Include="ServerIFace\Server.cpp">
      <Filter>CollectorsBackEnd\ServerIFace</Filter>
    </ClCompile>
    <ClCompile Include="ServerIFace\WinAPINetworkServices.cpp">
      <Filter>CollectorsBackEnd\ServerIFace</Filter>
    </ClCompile>
    <ClCompile Include="ServerIFace\WinSocket.cpp">
      <Filter>CollectorsBackEnd\ServerIFace</Filter>
    </ClCompile>
    <ClCompile Include="ServerIFace\WinSocketListener.cpp">
      <Filter>CollectorsBackEnd\ServerIFace</Filter>
    </ClCompile>
    <ClCompile Include="ServerIFace.cpp">
      <Filter>CollectorsBackEnd\ServerIFace</Filter>
    </ClCompile>
    <ClCompile Include="Collection.cpp">
      <Filter>Collection</Filter>
    </ClCompile>
    <ClCompile Include="CollectionFactory.cpp">
      <Filter>Collection</Filter>
    </ClCompile>
    <ClCompile Include="CollectionIO.cpp">
      <Filter>Collection</Filter>
    </ClCompile>
    <ClCompile Include="CollectionSource.cpp">
      <Filter>Collection</Filter>
    </ClCompile>
    <ClCompile Include="SourceObject.cpp">
      <Filter>Collection</Filter>
    </ClCompile>
    <ClCompile Include="CopyItem.cpp">
      <Filter>CollectionItems</Filter>
    </ClCompile>
    <ClCompile Include="CollectionItem.cpp">
      <Filter>CollectionItems</Filter>
    </ClCompile>
    <ClCompile Include="Transaction.cpp">
      <Filter>Collection\DataHelpers</Filter>
    </ClCompile>
    <ClCompile Include="Addresser.cpp">
      <Filter>CollectionItems\DataHelpers</Filter>
    </ClCompile>
    <ClCompile Include="TraitItem.cpp">
      <Filter>CollectionItems\DataHelpers</Filter>
    </ClCompile>
    <ClCompile Include="StringHelper.cpp">
      <Filter>Support</Filter>
    </ClCompile>
    <ClCompile Include="ListHelper.cpp">
      <Filter>Support</Filter>
    </ClCompile>
    <ClCompile Include="Config.cpp">
      <Filter>Support</Filter>
    </ClCompile>
    <ClCompile Include="jsoncpp.cpp">
      <Filter>Support</Filter>
    </ClCompile>
    <ClCompile Include="MD5.cpp">
      <Filter>Support</Filter>
    </ClCompile>
    <ClCompile Include="MetaTag.cpp">
      <Filter>CollectionItems\DataHelpers</Filter>
    </ClCompile>
    <ClCompile Include="StoreFrontBackEnd.cpp">
      <Filter>CollectorsBackEnd</Filter>
    </ClCompile>
    <ClCompile Include="CollectionDetails.cpp">
      <Filter>Collection\DataHelpers</Filter>
    </ClCompile>
    <ClCompile Include="CollectionTracker.cpp">
      <Filter>Collection\DataHelpers</Filter>
    </ClCompile>
    <ClCompile Include="CollectionDeltaClass.cpp" />
    <ClCompile Include="TransactionManager.cpp">
      <Filter>Collection\DataHelpers</Filter>
    </ClCompile>
    <ClCompile Include="Action.cpp">
      <Filter>Collection\Actions</Filter>
    </ClCompile>
    <ClCompile Include="AddAction.cpp">
      <Filter>Collection\Actions</Filter>
    </ClCompile>
    <ClCompile Include="RemoveAction.cpp">
      <Filter>Collection\Actions</Filter>
    </ClCompile>
    <ClCompile Include="ChangeAction.cpp">
      <Filter>Collection\Actions</Filter>
    </ClCompile>
    <ClCompile Include="ReplaceAction.cpp">
      <Filter>Collection\Actions</Filter>
    </ClCompile>
  </ItemGroup>
  <ItemGroup>
    <ClInclude Include="JSONImporter.h">
      <Filter>CollectorsBackEnd\Importer</Filter>
    </ClInclude>
    <ClInclude Include="ServerIFace\ClientSocket.h">
      <Filter>CollectorsBackEnd\ServerIFace</Filter>
    </ClInclude>
    <ClInclude Include="ServerIFace\ProgramServer.h">
      <Filter>CollectorsBackEnd\ServerIFace</Filter>
    </ClInclude>
    <ClInclude Include="ServerIFace\Server.h">
      <Filter>CollectorsBackEnd\ServerIFace</Filter>
    </ClInclude>
    <ClInclude Include="ServerIFace\WinAPINetworkServices.h">
      <Filter>CollectorsBackEnd\ServerIFace</Filter>
    </ClInclude>
    <ClInclude Include="ServerIFace\WinSocket.h">
      <Filter>CollectorsBackEnd\ServerIFace</Filter>
    </ClInclude>
    <ClInclude Include="ServerIFace\WinSocketListener.h">
      <Filter>CollectorsBackEnd\ServerIFace</Filter>
    </ClInclude>
    <ClInclude Include="ServerIFace.h">
      <Filter>CollectorsBackEnd\ServerIFace</Filter>
    </ClInclude>
    <ClInclude Include="Collection.h">
      <Filter>Collection</Filter>
    </ClInclude>
    <ClInclude Include="CollectionIO.h">
      <Filter>Collection</Filter>
    </ClInclude>
    <ClInclude Include="CollectionFactory.h">
      <Filter>Collection</Filter>
    </ClInclude>
    <ClInclude Include="CollectionSource.h">
      <Filter>Collection</Filter>
    </ClInclude>
    <ClInclude Include="SourceObject.h">
      <Filter>Collection</Filter>
    </ClInclude>
    <ClInclude Include="CopyItem.h">
      <Filter>CollectionItems</Filter>
    </ClInclude>
    <ClInclude Include="CollectionItem.h">
      <Filter>CollectionItems</Filter>
    </ClInclude>
    <ClInclude Include="Transaction.h">
      <Filter>Collection\DataHelpers</Filter>
    </ClInclude>
    <ClInclude Include="Addresser.h">
      <Filter>CollectionItems\DataHelpers</Filter>
    </ClInclude>
    <ClInclude Include="TraitItem.h">
      <Filter>CollectionItems\DataHelpers</Filter>
    </ClInclude>
    <ClInclude Include="StringHelper.h">
      <Filter>Support</Filter>
    </ClInclude>
    <ClInclude Include="ListHelper.h">
      <Filter>Support</Filter>
    </ClInclude>
    <ClInclude Include="Config.h">
      <Filter>Support</Filter>
    </ClInclude>
    <ClInclude Include="MD5.h">
      <Filter>Support</Filter>
    </ClInclude>
    <ClInclude Include="MetaTag.h">
      <Filter>CollectionItems\DataHelpers</Filter>
    </ClInclude>
    <ClInclude Include="StoreFrontBackEnd.h">
      <Filter>CollectorsBackEnd</Filter>
    </ClInclude>
    <ClInclude Include="CollectionDetails.h">
      <Filter>Collection\DataHelpers</Filter>
    </ClInclude>
    <ClInclude Include="CollectionTracker.h">
      <Filter>Collection\DataHelpers</Filter>
    </ClInclude>
    <ClInclude Include="CollectionDeltaClass.h" />
    <ClInclude Include="TransactionManager.h">
      <Filter>Collection\DataHelpers</Filter>
    </ClInclude>
    <ClInclude Include="Action.h">
      <Filter>Collection\Actions</Filter>
    </ClInclude>
    <ClInclude Include="AddAction.h">
      <Filter>Collection\Actions</Filter>
    </ClInclude>
    <ClInclude Include="RemoveAction.h">
      <Filter>Collection\Actions</Filter>
    </ClInclude>
    <ClInclude Include="ChangeAction.h">
      <Filter>Collection\Actions</Filter>
    </ClInclude>
    <ClInclude Include="ReplaceAction.h">
      <Filter>Collection\Actions</Filter>
    </ClInclude>
    <ClInclude Include="TryGet.h">
      <Filter>Support</Filter>
    </ClInclude>
  </ItemGroup>
</Project>